
Microsoft Visual Studio Solution File, Format Version 12.00
# Visual Studio Version 16
VisualStudioVersion = 16.0.32126.315
MinimumVisualStudioVersion = 10.0.40219.1
Project("{FAE04EC0-301F-11D3-BF4B-00C04F79EFBC}") = "Switch cases", "Switch cases\Switch cases.csproj", "{3DD559EC-BD15-4222-BF72-9BB86945729F}"
EndProject
Global
	GlobalSection(SolutionConfigurationPlatforms) = preSolution
		Debug|Any CPU = Debug|Any CPU
		Release|Any CPU = Release|Any CPU
	EndGlobalSection
	GlobalSection(ProjectConfigurationPlatforms) = postSolution
		{3DD559EC-BD15-4222-BF72-9BB86945729F}.Debug|Any CPU.ActiveCfg = Debug|Any CPU
		{3DD559EC-BD15-4222-BF72-9BB86945729F}.Debug|Any CPU.Build.0 = Debug|Any CPU
		{3DD559EC-BD15-4222-BF72-9BB86945729F}.Release|Any CPU.ActiveCfg = Release|Any CPU
		{3DD559EC-BD15-4222-BF72-9BB86945729F}.Release|Any CPU.Build.0 = Release|Any CPU
	EndGlobalSection
	GlobalSection(SolutionProperties) = preSolution
		HideSolutionNode = FALSE
	EndGlobalSection
	GlobalSection(ExtensibilityGlobals) = postSolution
		SolutionGuid = {EB916223-62C3-42A6-A950-516B9C24D536}
	EndGlobalSection
EndGlobal
